
Microsoft Visual Studio Solution File, Format Version 12.00
# Visual Studio Version 16
VisualStudioVersion = 16.0.29806.167
MinimumVisualStudioVersion = 10.0.40219.1
Project("{FAE04EC0-301F-11D3-BF4B-00C04F79EFBC}") = "Factory", "Factory.csproj", "{EBD979C5-6D27-4191-9BBA-7D753C2F2514}"
EndProject
Global
	GlobalSection(SolutionConfigurationPlatforms) = preSolution
		Debug|Any CPU = Debug|Any CPU
		Release|Any CPU = Release|Any CPU
	EndGlobalSection
	GlobalSection(ProjectConfigurationPlatforms) = postSolution
		{EBD979C5-6D27-4191-9BBA-7D753C2F2514}.Debug|Any CPU.ActiveCfg = Debug|Any CPU
		{EBD979C5-6D27-4191-9BBA-7D753C2F2514}.Debug|Any CPU.Build.0 = Debug|Any CPU
		{EBD979C5-6D27-4191-9BBA-7D753C2F2514}.Release|Any CPU.ActiveCfg = Release|Any CPU
		{EBD979C5-6D27-4191-9BBA-7D753C2F2514}.Release|Any CPU.Build.0 = Release|Any CPU
	EndGlobalSection
	GlobalSection(SolutionProperties) = preSolution
		HideSolutionNode = FALSE
	EndGlobalSection
	GlobalSection(ExtensibilityGlobals) = postSolution
		SolutionGuid = {CF2ADC0B-D63E-4889-BF4C-1092C4CBB958}
	EndGlobalSection
EndGlobal
